
Microsoft Visual Studio Solution File, Format Version 12.00
# Visual Studio Version 17
VisualStudioVersion = 17.9.34701.34
MinimumVisualStudioVersion = 10.0.40219.1
Project("{FAE04EC0-301F-11D3-BF4B-00C04F79EFBC}") = "UsHesaplama", "UsHesaplama\UsHesaplama.csproj", "{73419E70-1B79-4770-B13E-0F64AB046E32}"
EndProject
Global
	GlobalSection(SolutionConfigurationPlatforms) = preSolution
		Debug|Any CPU = Debug|Any CPU
		Release|Any CPU = Release|Any CPU
	EndGlobalSection
	GlobalSection(ProjectConfigurationPlatforms) = postSolution
		{73419E70-1B79-4770-B13E-0F64AB046E32}.Debug|Any CPU.ActiveCfg = Debug|Any CPU
		{73419E70-1B79-4770-B13E-0F64AB046E32}.Debug|Any CPU.Build.0 = Debug|Any CPU
		{73419E70-1B79-4770-B13E-0F64AB046E32}.Release|Any CPU.ActiveCfg = Release|Any CPU
		{73419E70-1B79-4770-B13E-0F64AB046E32}.Release|Any CPU.Build.0 = Release|Any CPU
	EndGlobalSection
	GlobalSection(SolutionProperties) = preSolution
		HideSolutionNode = FALSE
	EndGlobalSection
	GlobalSection(ExtensibilityGlobals) = postSolution
		SolutionGuid = {B27EAAB2-5512-456C-A4C2-0F3EFB86DC51}
	EndGlobalSection
EndGlobal
