
Microsoft Visual Studio Solution File, Format Version 12.00
# Visual Studio Version 17
VisualStudioVersion = 17.9.34701.34
MinimumVisualStudioVersion = 10.0.40219.1
Project("{FAE04EC0-301F-11D3-BF4B-00C04F79EFBC}") = "Uygulama-ders-personel", "Uygulama-ders-personel\Uygulama-ders-personel.csproj", "{B5BC276D-BDF5-4496-A1CB-713A3D1AA4DA}"
EndProject
Global
	GlobalSection(SolutionConfigurationPlatforms) = preSolution
		Debug|Any CPU = Debug|Any CPU
		Release|Any CPU = Release|Any CPU
	EndGlobalSection
	GlobalSection(ProjectConfigurationPlatforms) = postSolution
		{B5BC276D-BDF5-4496-A1CB-713A3D1AA4DA}.Debug|Any CPU.ActiveCfg = Debug|Any CPU
		{B5BC276D-BDF5-4496-A1CB-713A3D1AA4DA}.Debug|Any CPU.Build.0 = Debug|Any CPU
		{B5BC276D-BDF5-4496-A1CB-713A3D1AA4DA}.Release|Any CPU.ActiveCfg = Release|Any CPU
		{B5BC276D-BDF5-4496-A1CB-713A3D1AA4DA}.Release|Any CPU.Build.0 = Release|Any CPU
	EndGlobalSection
	GlobalSection(SolutionProperties) = preSolution
		HideSolutionNode = FALSE
	EndGlobalSection
	GlobalSection(ExtensibilityGlobals) = postSolution
		SolutionGuid = {98692035-FDF8-470E-B2D5-E832F90AE7F0}
	EndGlobalSection
EndGlobal
